
Microsoft Visual Studio Solution File, Format Version 12.00
# Visual Studio Version 17
VisualStudioVersion = 17.9.34728.123
MinimumVisualStudioVersion = 10.0.40219.1
Project("{9A19103F-16F7-4668-BE54-9A1E7A4F7556}") = "Restic", "Restic\Restic.csproj", "{2DA4333B-64C5-466E-9B9E-2BE522BAB97B}"
EndProject
Project("{9A19103F-16F7-4668-BE54-9A1E7A4F7556}") = "ResticClient.Console", "ResticClient.Console\ResticClient.Console.csproj", "{EF2C646F-8248-42AA-888B-83A5BE0C25A7}"
	ProjectSection(ProjectDependencies) = postProject
		{2DA4333B-64C5-466E-9B9E-2BE522BAB97B} = {2DA4333B-64C5-466E-9B9E-2BE522BAB97B}
	EndProjectSection
EndProject
Global
	GlobalSection(SolutionConfigurationPlatforms) = preSolution
		Debug|Any CPU = Debug|Any CPU
		Release|Any CPU = Release|Any CPU
	EndGlobalSection
	GlobalSection(ProjectConfigurationPlatforms) = postSolution
		{2DA4333B-64C5-466E-9B9E-2BE522BAB97B}.Debug|Any CPU.ActiveCfg = Debug|Any CPU
		{2DA4333B-64C5-466E-9B9E-2BE522BAB97B}.Debug|Any CPU.Build.0 = Debug|Any CPU
		{2DA4333B-64C5-466E-9B9E-2BE522BAB97B}.Release|Any CPU.ActiveCfg = Release|Any CPU
		{2DA4333B-64C5-466E-9B9E-2BE522BAB97B}.Release|Any CPU.Build.0 = Release|Any CPU
		{EF2C646F-8248-42AA-888B-83A5BE0C25A7}.Debug|Any CPU.ActiveCfg = Debug|Any CPU
		{EF2C646F-8248-42AA-888B-83A5BE0C25A7}.Debug|Any CPU.Build.0 = Debug|Any CPU
		{EF2C646F-8248-42AA-888B-83A5BE0C25A7}.Release|Any CPU.ActiveCfg = Release|Any CPU
		{EF2C646F-8248-42AA-888B-83A5BE0C25A7}.Release|Any CPU.Build.0 = Release|Any CPU
	EndGlobalSection
	GlobalSection(SolutionProperties) = preSolution
		HideSolutionNode = FALSE
	EndGlobalSection
	GlobalSection(ExtensibilityGlobals) = postSolution
		SolutionGuid = {B61E07C3-9A98-4C99-A880-20ED2CB2DC26}
	EndGlobalSection
EndGlobal
